// !$*UTF8*$!
{
	archiveVersion = 1;
	classes = {
	};
	objectVersion = 50;
	objects = {

/* Begin PBXBuildFile section */
		E836A4862606F2F900E1A3E9 /* TodoListView.swift in Sources */ = {isa = PBXBuildFile; fileRef = E836A4852606F2F900E1A3E9 /* TodoListView.swift */; };
		E836A4892606F33000E1A3E9 /* TodoCell.swift in Sources */ = {isa = PBXBuildFile; fileRef = E836A4882606F33000E1A3E9 /* TodoCell.swift */; };
		E836A48E2606F37D00E1A3E9 /* PersistenceManager.swift in Sources */ = {isa = PBXBuildFile; fileRef = E836A48D2606F37D00E1A3E9 /* PersistenceManager.swift */; };
		E836A4912606F3A500E1A3E9 /* TodoOperations.swift in Sources */ = {isa = PBXBuildFile; fileRef = E836A4902606F3A500E1A3E9 /* TodoOperations.swift */; };
		E8A530122604036800E0959A /* AppDelegate.swift in Sources */ = {isa = PBXBuildFile; fileRef = E8A530112604036800E0959A /* AppDelegate.swift */; };
		E8A530142604036800E0959A /* SceneDelegate.swift in Sources */ = {isa = PBXBuildFile; fileRef = E8A530132604036800E0959A /* SceneDelegate.swift */; };
		E8A530182604036800E0959A /* Assets.xcassets in Resources */ = {isa = PBXBuildFile; fileRef = E8A530172604036800E0959A /* Assets.xcassets */; };
		E8A5301B2604036800E0959A /* Preview Assets.xcassets in Resources */ = {isa = PBXBuildFile; fileRef = E8A5301A2604036800E0959A /* Preview Assets.xcassets */; };
		E8A5301E2604036800E0959A /* LaunchScreen.storyboard in Resources */ = {isa = PBXBuildFile; fileRef = E8A5301C2604036800E0959A /* LaunchScreen.storyboard */; };
		E8DB43D22606F689005899A5 /* Todo.xcdatamodeld in Sources */ = {isa = PBXBuildFile; fileRef = E8DB43D02606F689005899A5 /* Todo.xcdatamodeld */; };
/* End PBXBuildFile section */

/* Begin PBXFileReference section */
		E836A4852606F2F900E1A3E9 /* TodoListView.swift */ = {isa = PBXFileReference; lastKnownFileType = sourcecode.swift; path = TodoListView.swift; sourceTree = "<group>"; };
		E836A4882606F33000E1A3E9 /* TodoCell.swift */ = {isa = PBXFileReference; lastKnownFileType = sourcecode.swift; path = TodoCell.swift; sourceTree = "<group>"; };
		E836A48D2606F37D00E1A3E9 /* PersistenceManager.swift */ = {isa = PBXFileReference; lastKnownFileType = sourcecode.swift; path = PersistenceManager.swift; sourceTree = "<group>"; };
		E836A4902606F3A500E1A3E9 /* TodoOperations.swift */ = {isa = PBXFileReference; lastKnownFileType = sourcecode.swift; path = TodoOperations.swift; sourceTree = "<group>"; };
		E8A5300E2604036800E0959A /* Taskmaster.app */ = {isa = PBXFileReference; explicitFileType = wrapper.application; includeInIndex = 0; path = Taskmaster.app; sourceTree = BUILT_PRODUCTS_DIR; };
		E8A530112604036800E0959A /* AppDelegate.swift */ = {isa = PBXFileReference; lastKnownFileType = sourcecode.swift; path = AppDelegate.swift; sourceTree = "<group>"; };
		E8A530132604036800E0959A /* SceneDelegate.swift */ = {isa = PBXFileReference; lastKnownFileType = sourcecode.swift; path = SceneDelegate.swift; sourceTree = "<group>"; };
		E8A530172604036800E0959A /* Assets.xcassets */ = {isa = PBXFileReference; lastKnownFileType = folder.assetcatalog; path = Assets.xcassets; sourceTree = "<group>"; };
		E8A5301A2604036800E0959A /* Preview Assets.xcassets */ = {isa = PBXFileReference; lastKnownFileType = folder.assetcatalog; path = "Preview Assets.xcassets"; sourceTree = "<group>"; };
		E8A5301D2604036800E0959A /* Base */ = {isa = PBXFileReference; lastKnownFileType = file.storyboard; name = Base; path = Base.lproj/LaunchScreen.storyboard; sourceTree = "<group>"; };
		E8A5301F2604036800E0959A /* Info.plist */ = {isa = PBXFileReference; lastKnownFileType = text.plist.xml; path = Info.plist; sourceTree = "<group>"; };
		E8DB43D12606F689005899A5 /* Todo.xcdatamodel */ = {isa = PBXFileReference; lastKnownFileType = wrapper.xcdatamodel; path = Todo.xcdatamodel; sourceTree = "<group>"; };
/* End PBXFileReference section */

/* Begin PBXFrameworksBuildPhase section */
		E8A5300B2604036800E0959A /* Frameworks */ = {
			isa = PBXFrameworksBuildPhase;
			buildActionMask = 2147483647;
			files = (
			);
			runOnlyForDeploymentPostprocessing = 0;
		};
/* End PBXFrameworksBuildPhase section */

/* Begin PBXGroup section */
		E8878A6B2606F5A700C1A82A /* Model */ = {
			isa = PBXGroup;
			children = (
				E8DB43D02606F689005899A5 /* Todo.xcdatamodeld */,
			);
			path = Model;
			sourceTree = "<group>";
		};
		E8A530052604036800E0959A = {
			isa = PBXGroup;
			children = (
				E8A530102604036800E0959A /* Taskmaster */,
				E8A5300F2604036800E0959A /* Products */,
			);
			sourceTree = "<group>";
		};
		E8A5300F2604036800E0959A /* Products */ = {
			isa = PBXGroup;
			children = (
				E8A5300E2604036800E0959A /* Taskmaster.app */,
			);
			name = Products;
			sourceTree = "<group>";
		};
		E8A530102604036800E0959A /* Taskmaster */ = {
			isa = PBXGroup;
			children = (
				E8A530112604036800E0959A /* AppDelegate.swift */,
				E8A530132604036800E0959A /* SceneDelegate.swift */,
				E8F7F8412604090700666981 /* Persistence */,
				E8F7F840260408D900666981 /* Views */,
				E8878A6B2606F5A700C1A82A /* Model */,
				E8A5301C2604036800E0959A /* LaunchScreen.storyboard */,
				E8A530172604036800E0959A /* Assets.xcassets */,
				E8A5301F2604036800E0959A /* Info.plist */,
				E8A530192604036800E0959A /* Preview Content */,
			);
			path = Taskmaster;
			sourceTree = "<group>";
		};
		E8A530192604036800E0959A /* Preview Content */ = {
			isa = PBXGroup;
			children = (
				E8A5301A2604036800E0959A /* Preview Assets.xcassets */,
			);
			path = "Preview Content";
			sourceTree = "<group>";
		};
		E8F7F840260408D900666981 /* Views */ = {
			isa = PBXGroup;
			children = (
				E836A4852606F2F900E1A3E9 /* TodoListView.swift */,
				E836A4882606F33000E1A3E9 /* TodoCell.swift */,
			);
			path = Views;
			sourceTree = "<group>";
		};
		E8F7F8412604090700666981 /* Persistence */ = {
			isa = PBXGroup;
			children = (
				E836A4902606F3A500E1A3E9 /* TodoOperations.swift */,
				E836A48D2606F37D00E1A3E9 /* PersistenceManager.swift */,
			);
			path = Persistence;
			sourceTree = "<group>";
		};
/* End PBXGroup section */

/* Begin PBXNativeTarget section */
		E8A5300D2604036800E0959A /* Taskmaster */ = {
			isa = PBXNativeTarget;
			buildConfigurationList = E8A530222604036800E0959A /* Build configuration list for PBXNativeTarget "Taskmaster" */;
			buildPhases = (
				E8A5300A2604036800E0959A /* Sources */,
				E8A5300B2604036800E0959A /* Frameworks */,
				E8A5300C2604036800E0959A /* Resources */,
			);
			buildRules = (
			);
			dependencies = (
			);
			name = Taskmaster;
			productName = Taskmaster;
			productReference = E8A5300E2604036800E0959A /* Taskmaster.app */;
			productType = "com.apple.product-type.application";
		};
/* End PBXNativeTarget section */

/* Begin PBXProject section */
		E8A530062604036800E0959A /* Project object */ = {
			isa = PBXProject;
			attributes = {
				LastSwiftUpdateCheck = 1240;
				LastUpgradeCheck = 1240;
				TargetAttributes = {
					E8A5300D2604036800E0959A = {
						CreatedOnToolsVersion = 12.4;
					};
				};
			};
			buildConfigurationList = E8A530092604036800E0959A /* Build configuration list for PBXProject "Taskmaster" */;
			compatibilityVersion = "Xcode 9.3";
			developmentRegion = en;
			hasScannedForEncodings = 0;
			knownRegions = (
				en,
				Base,
			);
			mainGroup = E8A530052604036800E0959A;
			productRefGroup = E8A5300F2604036800E0959A /* Products */;
			projectDirPath = "";
			projectRoot = "";
			targets = (
				E8A5300D2604036800E0959A /* Taskmaster */,
			);
		};
/* End PBXProject section */

/* Begin PBXResourcesBuildPhase section */
		E8A5300C2604036800E0959A /* Resources */ = {
			isa = PBXResourcesBuildPhase;
			buildActionMask = 2147483647;
			files = (
				E8A5301E2604036800E0959A /* LaunchScreen.storyboard in Resources */,
				E8A5301B2604036800E0959A /* Preview Assets.xcassets in Resources */,
				E8A530182604036800E0959A /* Assets.xcassets in Resources */,
			);
			runOnlyForDeploymentPostprocessing = 0;
		};
/* End PBXResourcesBuildPhase section */

/* Begin PBXSourcesBuildPhase section */
		E8A5300A2604036800E0959A /* Sources */ = {
			isa = PBXSourcesBuildPhase;
			buildActionMask = 2147483647;
			files = (
				E8A530122604036800E0959A /* AppDelegate.swift in Sources */,
				E8DB43D22606F689005899A5 /* Todo.xcdatamodeld in Sources */,
				E836A4912606F3A500E1A3E9 /* TodoOperations.swift in Sources */,
				E836A48E2606F37D00E1A3E9 /* PersistenceManager.swift in Sources */,
				E8A530142604036800E0959A /* SceneDelegate.swift in Sources */,
				E836A4862606F2F900E1A3E9 /* TodoListView.swift in Sources */,
				E836A4892606F33000E1A3E9 /* TodoCell.swift in Sources */,
			);
			runOnlyForDeploymentPostprocessing = 0;
		};
/* End PBXSourcesBuildPhase section */

/* Begin PBXVariantGroup section */
		E8A5301C2604036800E0959A /* LaunchScreen.storyboard */ = {
			isa = PBXVariantGroup;
			children = (
				E8A5301D2604036800E0959A /* Base */,
			);
			name = LaunchScreen.storyboard;
			sourceTree = "<group>";
		};
/* End PBXVariantGroup section */

/* Begin XCBuildConfiguration section */
		E8A530202604036800E0959A /* Debug */ = {
			isa = XCBuildConfiguration;
			buildSettings = {
				ALWAYS_SEARCH_USER_PATHS = NO;
				CLANG_ANALYZER_NONNULL = YES;
				CLANG_ANALYZER_NUMBER_OBJECT_CONVERSION = YES_AGGRESSIVE;
				CLANG_CXX_LANGUAGE_STANDARD = "gnu++14";
				CLANG_CXX_LIBRARY = "libc++";
				CLANG_ENABLE_MODULES = YES;
				CLANG_ENABLE_OBJC_ARC = YES;
				CLANG_ENABLE_OBJC_WEAK = YES;
				CLANG_WARN_BLOCK_CAPTURE_AUTORELEASING = YES;
				CLANG_WARN_BOOL_CONVERSION = YES;
				CLANG_WARN_COMMA = YES;
				CLANG_WARN_CONSTANT_CONVERSION = YES;
				CLANG_WARN_DEPRECATED_OBJC_IMPLEMENTATIONS = YES;
				CLANG_WARN_DIRECT_OBJC_ISA_USAGE = YES_ERROR;
				CLANG_WARN_DOCUMENTATION_COMMENTS = YES;
				CLANG_WARN_EMPTY_BODY = YES;
				CLANG_WARN_ENUM_CONVERSION = YES;
				CLANG_WARN_INFINITE_RECURSION = YES;
				CLANG_WARN_INT_CONVERSION = YES;
				CLANG_WARN_NON_LITERAL_NULL_CONVERSION = YES;
				CLANG_WARN_OBJC_IMPLICIT_RETAIN_SELF = YES;
				CLANG_WARN_OBJC_LITERAL_CONVERSION = YES;
				CLANG_WARN_OBJC_ROOT_CLASS = YES_ERROR;
				CLANG_WARN_QUOTED_INCLUDE_IN_FRAMEWORK_HEADER = YES;
				CLANG_WARN_RANGE_LOOP_ANALYSIS = YES;
				CLANG_WARN_STRICT_PROTOTYPES = YES;
				CLANG_WARN_SUSPICIOUS_MOVE = YES;
				CLANG_WARN_UNGUARDED_AVAILABILITY = YES_AGGRESSIVE;
				CLANG_WARN_UNREACHABLE_CODE = YES;
				CLANG_WARN__DUPLICATE_METHOD_MATCH = YES;
				COPY_PHASE_STRIP = NO;
				DEBUG_INFORMATION_FORMAT = dwarf;
				ENABLE_STRICT_OBJC_MSGSEND = YES;
				ENABLE_TESTABILITY = YES;
				GCC_C_LANGUAGE_STANDARD = gnu11;
				GCC_DYNAMIC_NO_PIC = NO;
				GCC_NO_COMMON_BLOCKS = YES;
				GCC_OPTIMIZATION_LEVEL = 0;
				GCC_PREPROCESSOR_DEFINITIONS = (
					"DEBUG=1",
					"$(inherited)",
				);
				GCC_WARN_64_TO_32_BIT_CONVERSION = YES;
				GCC_WARN_ABOUT_RETURN_TYPE = YES_ERROR;
				GCC_WARN_UNDECLARED_SELECTOR = YES;
				GCC_WARN_UNINITIALIZED_AUTOS = YES_AGGRESSIVE;
				GCC_WARN_UNUSED_FUNCTION = YES;
				GCC_WARN_UNUSED_VARIABLE = YES;
				IPHONEOS_DEPLOYMENT_TARGET = 14.4;
				MTL_ENABLE_DEBUG_INFO = INCLUDE_SOURCE;
				MTL_FAST_MATH = YES;
				ONLY_ACTIVE_ARCH = YES;
				SDKROOT = iphoneos;
				SWIFT_ACTIVE_COMPILATION_CONDITIONS = DEBUG;
				SWIFT_OPTIMIZATION_LEVEL = "-Onone";
			};
			name = Debug;
		};
		E8A530212604036800E0959A /* Release */ = {
			isa = XCBuildConfiguration;
			buildSettings = {
				ALWAYS_SEARCH_USER_PATHS = NO;
				CLANG_ANALYZER_NONNULL = YES;
				CLANG_ANALYZER_NUMBER_OBJECT_CONVERSION = YES_AGGRESSIVE;
				CLANG_CXX_LANGUAGE_STANDARD = "gnu++14";
				CLANG_CXX_LIBRARY = "libc++";
				CLANG_ENABLE_MODULES = YES;
				CLANG_ENABLE_OBJC_ARC = YES;
				CLANG_ENABLE_OBJC_WEAK = YES;
				CLANG_WARN_BLOCK_CAPTURE_AUTORELEASING = YES;
				CLANG_WARN_BOOL_CONVERSION = YES;
				CLANG_WARN_COMMA = YES;
				CLANG_WARN_CONSTANT_CONVERSION = YES;
				CLANG_WARN_DEPRECATED_OBJC_IMPLEMENTATIONS = YES;
				CLANG_WARN_DIRECT_OBJC_ISA_USAGE = YES_ERROR;
				CLANG_WARN_DOCUMENTATION_COMMENTS = YES;
				CLANG_WARN_EMPTY_BODY = YES;
				CLANG_WARN_ENUM_CONVERSION = YES;
				CLANG_WARN_INFINITE_RECURSION = YES;
				CLANG_WARN_INT_CONVERSION = YES;
				CLANG_WARN_NON_LITERAL_NULL_CONVERSION = YES;
				CLANG_WARN_OBJC_IMPLICIT_RETAIN_SELF = YES;
				CLANG_WARN_OBJC_LITERAL_CONVERSION = YES;
				CLANG_WARN_OBJC_ROOT_CLASS = YES_ERROR;
				CLANG_WARN_QUOTED_INCLUDE_IN_FRAMEWORK_HEADER = YES;
				CLANG_WARN_RANGE_LOOP_ANALYSIS = YES;
				CLANG_WARN_STRICT_PROTOTYPES = YES;
				CLANG_WARN_SUSPICIOUS_MOVE = YES;
				CLANG_WARN_UNGUARDED_AVAILABILITY = YES_AGGRESSIVE;
				CLANG_WARN_UNREACHABLE_CODE = YES;
				CLANG_WARN__DUPLICATE_METHOD_MATCH = YES;
				COPY_PHASE_STRIP = NO;
				DEBUG_INFORMATION_FORMAT = "dwarf-with-dsym";
				ENABLE_NS_ASSERTIONS = NO;
				ENABLE_STRICT_OBJC_MSGSEND = YES;
				GCC_C_LANGUAGE_STANDARD = gnu11;
				GCC_NO_COMMON_BLOCKS = YES;
				GCC_WARN_64_TO_32_BIT_CONVERSION = YES;
				GCC_WARN_ABOUT_RETURN_TYPE = YES_ERROR;
				GCC_WARN_UNDECLARED_SELECTOR = YES;
				GCC_WARN_UNINITIALIZED_AUTOS = YES_AGGRESSIVE;
				GCC_WARN_UNUSED_FUNCTION = YES;
				GCC_WARN_UNUSED_VARIABLE = YES;
				IPHONEOS_DEPLOYMENT_TARGET = 14.4;
				MTL_ENABLE_DEBUG_INFO = NO;
				MTL_FAST_MATH = YES;
				SDKROOT = iphoneos;
				SWIFT_COMPILATION_MODE = wholemodule;
				SWIFT_OPTIMIZATION_LEVEL = "-O";
				VALIDATE_PRODUCT = YES;
			};
			name = Release;
		};
		E8A530232604036800E0959A /* Debug */ = {
			isa = XCBuildConfiguration;
			buildSettings = {
				ASSETCATALOG_COMPILER_APPICON_NAME = AppIcon;
				ASSETCATALOG_COMPILER_GLOBAL_ACCENT_COLOR_NAME = AccentColor;
				CODE_SIGN_STYLE = Automatic;
				DEVELOPMENT_ASSET_PATHS = "\"Taskmaster/Preview Content\"";
				DEVELOPMENT_TEAM = DXPRZ5Z98W;
				ENABLE_PREVIEWS = YES;
				INFOPLIST_FILE = Taskmaster/Info.plist;
				LD_RUNPATH_SEARCH_PATHS = (
					"$(inherited)",
					"@executable_path/Frameworks",
				);
				PRODUCT_BUNDLE_IDENTIFIER = com.jperez.Taskmaster;
				PRODUCT_NAME = "$(TARGET_NAME)";
				SWIFT_VERSION = 5.0;
				TARGETED_DEVICE_FAMILY = "1,2";
			};
			name = Debug;
		};
		E8A530242604036800E0959A /* Release */ = {
			isa = XCBuildConfiguration;
			buildSettings = {
				ASSETCATALOG_COMPILER_APPICON_NAME = AppIcon;
				ASSETCATALOG_COMPILER_GLOBAL_ACCENT_COLOR_NAME = AccentColor;
				CODE_SIGN_STYLE = Automatic;
				DEVELOPMENT_ASSET_PATHS = "\"Taskmaster/Preview Content\"";
				DEVELOPMENT_TEAM = DXPRZ5Z98W;
				ENABLE_PREVIEWS = YES;
				INFOPLIST_FILE = Taskmaster/Info.plist;
				LD_RUNPATH_SEARCH_PATHS = (
					"$(inherited)",
					"@executable_path/Frameworks",
				);
				PRODUCT_BUNDLE_IDENTIFIER = com.jperez.Taskmaster;
				PRODUCT_NAME = "$(TARGET_NAME)";
				SWIFT_VERSION = 5.0;
				TARGETED_DEVICE_FAMILY = "1,2";
			};
			name = Release;
		};
/* End XCBuildConfiguration section */

/* Begin XCConfigurationList section */
		E8A530092604036800E0959A /* Build configuration list for PBXProject "Taskmaster" */ = {
			isa = XCConfigurationList;
			buildConfigurations = (
				E8A530202604036800E0959A /* Debug */,
				E8A530212604036800E0959A /* Release */,
			);
			defaultConfigurationIsVisible = 0;
			defaultConfigurationName = Release;
		};
		E8A530222604036800E0959A /* Build configuration list for PBXNativeTarget "Taskmaster" */ = {
			isa = XCConfigurationList;
			buildConfigurations = (
				E8A530232604036800E0959A /* Debug */,
				E8A530242604036800E0959A /* Release */,
			);
			defaultConfigurationIsVisible = 0;
			defaultConfigurationName = Release;
		};
/* End XCConfigurationList section */

/* Begin XCVersionGroup section */
		E8DB43D02606F689005899A5 /* Todo.xcdatamodeld */ = {
			isa = XCVersionGroup;
			children = (
				E8DB43D12606F689005899A5 /* Todo.xcdatamodel */,
			);
			currentVersion = E8DB43D12606F689005899A5 /* Todo.xcdatamodel */;
			path = Todo.xcdatamodeld;
			sourceTree = "<group>";
			versionGroupType = wrapper.xcdatamodel;
		};
/* End XCVersionGroup section */
	};
	rootObject = E8A530062604036800E0959A /* Project object */;
}
